
Microsoft Visual Studio Solution File, Format Version 12.00
# Visual Studio Version 17
VisualStudioVersion = 17.2.32616.157
MinimumVisualStudioVersion = 10.0.40219.1
Project("{9A19103F-16F7-4668-BE54-9A1E7A4F7556}") = "SkillProfiTelegramBot", "SkillProfiTelegramBot\SkillProfiTelegramBot.csproj", "{92239769-DD7B-4B8F-9F54-4C24C68E398A}"
EndProject
Project("{9A19103F-16F7-4668-BE54-9A1E7A4F7556}") = "SkillProfi", "SkillProfiModels\SkillProfi.csproj", "{06398513-A953-4A27-A467-10828E4F31BB}"
EndProject
Project("{9A19103F-16F7-4668-BE54-9A1E7A4F7556}") = "SkillProfiWPF", "SkillProfiWPF\SkillProfiWPF.csproj", "{DF6D89D2-76A6-4BC2-BD66-F2D7FEF63503}"
EndProject
Project("{9A19103F-16F7-4668-BE54-9A1E7A4F7556}") = "SkillProfiApi", "SkillProfiApi\SkillProfiApi.csproj", "{08AB47D4-A1B8-448B-BDCC-6BECB13ECF77}"
EndProject
Global
	GlobalSection(SolutionConfigurationPlatforms) = preSolution
		Debug|Any CPU = Debug|Any CPU
		Release|Any CPU = Release|Any CPU
	EndGlobalSection
	GlobalSection(ProjectConfigurationPlatforms) = postSolution
		{92239769-DD7B-4B8F-9F54-4C24C68E398A}.Debug|Any CPU.ActiveCfg = Debug|Any CPU
		{92239769-DD7B-4B8F-9F54-4C24C68E398A}.Debug|Any CPU.Build.0 = Debug|Any CPU
		{92239769-DD7B-4B8F-9F54-4C24C68E398A}.Release|Any CPU.ActiveCfg = Release|Any CPU
		{92239769-DD7B-4B8F-9F54-4C24C68E398A}.Release|Any CPU.Build.0 = Release|Any CPU
		{06398513-A953-4A27-A467-10828E4F31BB}.Debug|Any CPU.ActiveCfg = Debug|Any CPU
		{06398513-A953-4A27-A467-10828E4F31BB}.Debug|Any CPU.Build.0 = Debug|Any CPU
		{06398513-A953-4A27-A467-10828E4F31BB}.Release|Any CPU.ActiveCfg = Release|Any CPU
		{06398513-A953-4A27-A467-10828E4F31BB}.Release|Any CPU.Build.0 = Release|Any CPU
		{DF6D89D2-76A6-4BC2-BD66-F2D7FEF63503}.Debug|Any CPU.ActiveCfg = Debug|Any CPU
		{DF6D89D2-76A6-4BC2-BD66-F2D7FEF63503}.Debug|Any CPU.Build.0 = Debug|Any CPU
		{DF6D89D2-76A6-4BC2-BD66-F2D7FEF63503}.Release|Any CPU.ActiveCfg = Release|Any CPU
		{DF6D89D2-76A6-4BC2-BD66-F2D7FEF63503}.Release|Any CPU.Build.0 = Release|Any CPU
		{08AB47D4-A1B8-448B-BDCC-6BECB13ECF77}.Debug|Any CPU.ActiveCfg = Debug|Any CPU
		{08AB47D4-A1B8-448B-BDCC-6BECB13ECF77}.Debug|Any CPU.Build.0 = Debug|Any CPU
		{08AB47D4-A1B8-448B-BDCC-6BECB13ECF77}.Release|Any CPU.ActiveCfg = Release|Any CPU
		{08AB47D4-A1B8-448B-BDCC-6BECB13ECF77}.Release|Any CPU.Build.0 = Release|Any CPU
	EndGlobalSection
	GlobalSection(SolutionProperties) = preSolution
		HideSolutionNode = FALSE
	EndGlobalSection
	GlobalSection(ExtensibilityGlobals) = postSolution
		SolutionGuid = {8CCD858B-32C5-4E74-8884-90395E076D1D}
	EndGlobalSection
EndGlobal
